
Microsoft Visual Studio Solution File, Format Version 12.00
# Visual Studio 15
VisualStudioVersion = 15.0.28010.2026
MinimumVisualStudioVersion = 10.0.40219.1
Project("{FAE04EC0-301F-11D3-BF4B-00C04F79EFBC}") = "MoreComplexDataStructures", "MoreComplexDataStructures\MoreComplexDataStructures.csproj", "{843BC8D0-8320-46CD-B400-2E833C8A886C}"
EndProject
Project("{FAE04EC0-301F-11D3-BF4B-00C04F79EFBC}") = "MoreComplexDataStructures.UnitTests", "MoreComplexDataStructures.UnitTests\MoreComplexDataStructures.UnitTests.csproj", "{357742E2-0248-4760-B65E-BF3B63435A52}"
EndProject
Global
	GlobalSection(SolutionConfigurationPlatforms) = preSolution
		Debug|Any CPU = Debug|Any CPU
		Release|Any CPU = Release|Any CPU
	EndGlobalSection
	GlobalSection(ProjectConfigurationPlatforms) = postSolution
		{843BC8D0-8320-46CD-B400-2E833C8A886C}.Debug|Any CPU.ActiveCfg = Debug|Any CPU
		{843BC8D0-8320-46CD-B400-2E833C8A886C}.Debug|Any CPU.Build.0 = Debug|Any CPU
		{843BC8D0-8320-46CD-B400-2E833C8A886C}.Release|Any CPU.ActiveCfg = Release|Any CPU
		{843BC8D0-8320-46CD-B400-2E833C8A886C}.Release|Any CPU.Build.0 = Release|Any CPU
		{357742E2-0248-4760-B65E-BF3B63435A52}.Debug|Any CPU.ActiveCfg = Debug|Any CPU
		{357742E2-0248-4760-B65E-BF3B63435A52}.Debug|Any CPU.Build.0 = Debug|Any CPU
		{357742E2-0248-4760-B65E-BF3B63435A52}.Release|Any CPU.ActiveCfg = Release|Any CPU
		{357742E2-0248-4760-B65E-BF3B63435A52}.Release|Any CPU.Build.0 = Release|Any CPU
		{52163DE4-9DDE-4E92-89F2-9585AA383311}.Debug|Any CPU.ActiveCfg = Debug|Any CPU
		{52163DE4-9DDE-4E92-89F2-9585AA383311}.Debug|Any CPU.Build.0 = Debug|Any CPU
		{52163DE4-9DDE-4E92-89F2-9585AA383311}.Release|Any CPU.ActiveCfg = Release|Any CPU
		{52163DE4-9DDE-4E92-89F2-9585AA383311}.Release|Any CPU.Build.0 = Release|Any CPU
	EndGlobalSection
	GlobalSection(SolutionProperties) = preSolution
		HideSolutionNode = FALSE
	EndGlobalSection
	GlobalSection(ExtensibilityGlobals) = postSolution
		SolutionGuid = {BF89145A-6EBB-4AC6-B8A4-CCFEFCDAA676}
	EndGlobalSection
EndGlobal
